// !$*UTF8*$!
{
	archiveVersion = 1;
	classes = {
	};
	objectVersion = 51;
	objects = {

/* Begin PBXBuildFile section */
		1EC9386E042D90782AE7C4FC /* Pods_Home.framework in Frameworks */ = {isa = PBXBuildFile; fileRef = C55AF7EC1CF4EB202FDF7095 /* Pods_Home.framework */; };
		37502D9D25C88AE600DE9D9A /* AppDelegate.swift in Sources */ = {isa = PBXBuildFile; fileRef = 37502D9C25C88AE600DE9D9A /* AppDelegate.swift */; };
		37502D9F25C88AE600DE9D9A /* SceneDelegate.swift in Sources */ = {isa = PBXBuildFile; fileRef = 37502D9E25C88AE600DE9D9A /* SceneDelegate.swift */; };
		37502DA125C88AE600DE9D9A /* ViewController.swift in Sources */ = {isa = PBXBuildFile; fileRef = 37502DA025C88AE600DE9D9A /* ViewController.swift */; };
		37502DA425C88AE600DE9D9A /* Main.storyboard in Resources */ = {isa = PBXBuildFile; fileRef = 37502DA225C88AE600DE9D9A /* Main.storyboard */; };
		37502DA625C88AE800DE9D9A /* Assets.xcassets in Resources */ = {isa = PBXBuildFile; fileRef = 37502DA525C88AE800DE9D9A /* Assets.xcassets */; };
		37502DA925C88AE800DE9D9A /* LaunchScreen.storyboard in Resources */ = {isa = PBXBuildFile; fileRef = 37502DA725C88AE800DE9D9A /* LaunchScreen.storyboard */; };
		37502DB325C88BC900DE9D9A /* HomeViewController.swift in Sources */ = {isa = PBXBuildFile; fileRef = 37502DB225C88BC900DE9D9A /* HomeViewController.swift */; };
		37502DB725C88BD400DE9D9A /* Home.storyboard in Resources */ = {isa = PBXBuildFile; fileRef = 37502DB625C88BD400DE9D9A /* Home.storyboard */; };
/* End PBXBuildFile section */

/* Begin PBXFileReference section */
		37502D9925C88AE600DE9D9A /* Home.app */ = {isa = PBXFileReference; explicitFileType = wrapper.application; includeInIndex = 0; path = Home.app; sourceTree = BUILT_PRODUCTS_DIR; };
		37502D9C25C88AE600DE9D9A /* AppDelegate.swift */ = {isa = PBXFileReference; lastKnownFileType = sourcecode.swift; path = AppDelegate.swift; sourceTree = "<group>"; };
		37502D9E25C88AE600DE9D9A /* SceneDelegate.swift */ = {isa = PBXFileReference; lastKnownFileType = sourcecode.swift; path = SceneDelegate.swift; sourceTree = "<group>"; };
		37502DA025C88AE600DE9D9A /* ViewController.swift */ = {isa = PBXFileReference; lastKnownFileType = sourcecode.swift; path = ViewController.swift; sourceTree = "<group>"; };
		37502DA325C88AE600DE9D9A /* Base */ = {isa = PBXFileReference; lastKnownFileType = file.storyboard; name = Base; path = Base.lproj/Main.storyboard; sourceTree = "<group>"; };
		37502DA525C88AE800DE9D9A /* Assets.xcassets */ = {isa = PBXFileReference; lastKnownFileType = folder.assetcatalog; path = Assets.xcassets; sourceTree = "<group>"; };
		37502DA825C88AE800DE9D9A /* Base */ = {isa = PBXFileReference; lastKnownFileType = file.storyboard; name = Base; path = Base.lproj/LaunchScreen.storyboard; sourceTree = "<group>"; };
		37502DAA25C88AE800DE9D9A /* Info.plist */ = {isa = PBXFileReference; lastKnownFileType = text.plist.xml; path = Info.plist; sourceTree = "<group>"; };
		37502DB225C88BC900DE9D9A /* HomeViewController.swift */ = {isa = PBXFileReference; lastKnownFileType = sourcecode.swift; path = HomeViewController.swift; sourceTree = "<group>"; };
		37502DB625C88BD400DE9D9A /* Home.storyboard */ = {isa = PBXFileReference; lastKnownFileType = file.storyboard; path = Home.storyboard; sourceTree = "<group>"; };
		C55AF7EC1CF4EB202FDF7095 /* Pods_Home.framework */ = {isa = PBXFileReference; explicitFileType = wrapper.framework; includeInIndex = 0; path = Pods_Home.framework; sourceTree = BUILT_PRODUCTS_DIR; };
		CC13EDD56F57DB0E9A501F9F /* Pods-Home.release.xcconfig */ = {isa = PBXFileReference; includeInIndex = 1; lastKnownFileType = text.xcconfig; name = "Pods-Home.release.xcconfig"; path = "Target Support Files/Pods-Home/Pods-Home.release.xcconfig"; sourceTree = "<group>"; };
		D93747A81AEFE231D1335CB3 /* Pods-Home.debug.xcconfig */ = {isa = PBXFileReference; includeInIndex = 1; lastKnownFileType = text.xcconfig; name = "Pods-Home.debug.xcconfig"; path = "Target Support Files/Pods-Home/Pods-Home.debug.xcconfig"; sourceTree = "<group>"; };
/* End PBXFileReference section */

/* Begin PBXFrameworksBuildPhase section */
		37502D9625C88AE600DE9D9A /* Frameworks */ = {
			isa = PBXFrameworksBuildPhase;
			buildActionMask = 2147483647;
			files = (
				1EC9386E042D90782AE7C4FC /* Pods_Home.framework in Frameworks */,
			);
			runOnlyForDeploymentPostprocessing = 0;
		};
/* End PBXFrameworksBuildPhase section */

/* Begin PBXGroup section */
		35C6FE0C67F9A4D84F0C8512 /* Frameworks */ = {
			isa = PBXGroup;
			children = (
				C55AF7EC1CF4EB202FDF7095 /* Pods_Home.framework */,
			);
			name = Frameworks;
			sourceTree = "<group>";
		};
		37502D9025C88AE600DE9D9A = {
			isa = PBXGroup;
			children = (
				37502D9B25C88AE600DE9D9A /* Home */,
				37502D9A25C88AE600DE9D9A /* Products */,
				A3F5FB689B0B09179B513BCE /* Pods */,
				35C6FE0C67F9A4D84F0C8512 /* Frameworks */,
			);
			sourceTree = "<group>";
		};
		37502D9A25C88AE600DE9D9A /* Products */ = {
			isa = PBXGroup;
			children = (
				37502D9925C88AE600DE9D9A /* Home.app */,
			);
			name = Products;
			sourceTree = "<group>";
		};
		37502D9B25C88AE600DE9D9A /* Home */ = {
			isa = PBXGroup;
			children = (
				37502DB125C88AEC00DE9D9A /* Scene */,
				37502D9C25C88AE600DE9D9A /* AppDelegate.swift */,
				37502D9E25C88AE600DE9D9A /* SceneDelegate.swift */,
				37502DA025C88AE600DE9D9A /* ViewController.swift */,
				37502DA225C88AE600DE9D9A /* Main.storyboard */,
				37502DA525C88AE800DE9D9A /* Assets.xcassets */,
				37502DA725C88AE800DE9D9A /* LaunchScreen.storyboard */,
				37502DAA25C88AE800DE9D9A /* Info.plist */,
			);
			path = Home;
			sourceTree = "<group>";
		};
		37502DB125C88AEC00DE9D9A /* Scene */ = {
			isa = PBXGroup;
			children = (
				37502DB225C88BC900DE9D9A /* HomeViewController.swift */,
				37502DB625C88BD400DE9D9A /* Home.storyboard */,
			);
			path = Scene;
			sourceTree = "<group>";
		};
		A3F5FB689B0B09179B513BCE /* Pods */ = {
			isa = PBXGroup;
			children = (
				D93747A81AEFE231D1335CB3 /* Pods-Home.debug.xcconfig */,
				CC13EDD56F57DB0E9A501F9F /* Pods-Home.release.xcconfig */,
			);
			path = Pods;
			sourceTree = "<group>";
		};
/* End PBXGroup section */

/* Begin PBXNativeTarget section */
		37502D9825C88AE600DE9D9A /* Home */ = {
			isa = PBXNativeTarget;
			buildConfigurationList = 37502DAD25C88AE800DE9D9A /* Build configuration list for PBXNativeTarget "Home" */;
			buildPhases = (
				BCE67740DF800C31005AACCA /* [CP] Check Pods Manifest.lock */,
				37502D9525C88AE600DE9D9A /* Sources */,
				37502D9625C88AE600DE9D9A /* Frameworks */,
				37502D9725C88AE600DE9D9A /* Resources */,
				B789DC32C77B0EE8E58C072A /* [CP] Embed Pods Frameworks */,
			);
			buildRules = (
			);
			dependencies = (
			);
			name = Home;
			productName = Home;
			productReference = 37502D9925C88AE600DE9D9A /* Home.app */;
			productType = "com.apple.product-type.application";
		};
/* End PBXNativeTarget section */

/* Begin PBXProject section */
		37502D9125C88AE600DE9D9A /* Project object */ = {
			isa = PBXProject;
			attributes = {
				LastSwiftUpdateCheck = 1240;
				LastUpgradeCheck = 1240;
				TargetAttributes = {
					37502D9825C88AE600DE9D9A = {
						CreatedOnToolsVersion = 12.4;
					};
				};
			};
			buildConfigurationList = 37502D9425C88AE600DE9D9A /* Build configuration list for PBXProject "Home" */;
			compatibilityVersion = "Xcode 9.3";
			developmentRegion = en;
			hasScannedForEncodings = 0;
			knownRegions = (
				en,
				Base,
			);
			mainGroup = 37502D9025C88AE600DE9D9A;
			productRefGroup = 37502D9A25C88AE600DE9D9A /* Products */;
			projectDirPath = "";
			projectRoot = "";
			targets = (
				37502D9825C88AE600DE9D9A /* Home */,
			);
		};
/* End PBXProject section */

/* Begin PBXResourcesBuildPhase section */
		37502D9725C88AE600DE9D9A /* Resources */ = {
			isa = PBXResourcesBuildPhase;
			buildActionMask = 2147483647;
			files = (
				37502DA925C88AE800DE9D9A /* LaunchScreen.storyboard in Resources */,
				37502DA625C88AE800DE9D9A /* Assets.xcassets in Resources */,
				37502DA425C88AE600DE9D9A /* Main.storyboard in Resources */,
				37502DB725C88BD400DE9D9A /* Home.storyboard in Resources */,
			);
			runOnlyForDeploymentPostprocessing = 0;
		};
/* End PBXResourcesBuildPhase section */

/* Begin PBXShellScriptBuildPhase section */
		B789DC32C77B0EE8E58C072A /* [CP] Embed Pods Frameworks */ = {
			isa = PBXShellScriptBuildPhase;
			buildActionMask = 2147483647;
			files = (
			);
			inputFileListPaths = (
				"${PODS_ROOT}/Target Support Files/Pods-Home/Pods-Home-frameworks-${CONFIGURATION}-input-files.xcfilelist",
			);
			name = "[CP] Embed Pods Frameworks";
			outputFileListPaths = (
				"${PODS_ROOT}/Target Support Files/Pods-Home/Pods-Home-frameworks-${CONFIGURATION}-output-files.xcfilelist",
			);
			runOnlyForDeploymentPostprocessing = 0;
			shellPath = /bin/sh;
			shellScript = "\"${PODS_ROOT}/Target Support Files/Pods-Home/Pods-Home-frameworks.sh\"\n";
			showEnvVarsInLog = 0;
		};
		BCE67740DF800C31005AACCA /* [CP] Check Pods Manifest.lock */ = {
			isa = PBXShellScriptBuildPhase;
			buildActionMask = 2147483647;
			files = (
			);
			inputFileListPaths = (
			);
			inputPaths = (
				"${PODS_PODFILE_DIR_PATH}/Podfile.lock",
				"${PODS_ROOT}/Manifest.lock",
			);
			name = "[CP] Check Pods Manifest.lock";
			outputFileListPaths = (
			);
			outputPaths = (
				"$(DERIVED_FILE_DIR)/Pods-Home-checkManifestLockResult.txt",
			);
			runOnlyForDeploymentPostprocessing = 0;
			shellPath = /bin/sh;
			shellScript = "diff \"${PODS_PODFILE_DIR_PATH}/Podfile.lock\" \"${PODS_ROOT}/Manifest.lock\" > /dev/null\nif [ $? != 0 ] ; then\n    # print error to STDERR\n    echo \"error: The sandbox is not in sync with the Podfile.lock. Run 'pod install' or update your CocoaPods installation.\" >&2\n    exit 1\nfi\n# This output is used by Xcode 'outputs' to avoid re-running this script phase.\necho \"SUCCESS\" > \"${SCRIPT_OUTPUT_FILE_0}\"\n";
			showEnvVarsInLog = 0;
		};
/* End PBXShellScriptBuildPhase section */

/* Begin PBXSourcesBuildPhase section */
		37502D9525C88AE600DE9D9A /* Sources */ = {
			isa = PBXSourcesBuildPhase;
			buildActionMask = 2147483647;
			files = (
				37502DA125C88AE600DE9D9A /* ViewController.swift in Sources */,
				37502D9D25C88AE600DE9D9A /* AppDelegate.swift in Sources */,
				37502D9F25C88AE600DE9D9A /* SceneDelegate.swift in Sources */,
				37502DB325C88BC900DE9D9A /* HomeViewController.swift in Sources */,
			);
			runOnlyForDeploymentPostprocessing = 0;
		};
/* End PBXSourcesBuildPhase section */

/* Begin PBXVariantGroup section */
		37502DA225C88AE600DE9D9A /* Main.storyboard */ = {
			isa = PBXVariantGroup;
			children = (
				37502DA325C88AE600DE9D9A /* Base */,
			);
			name = Main.storyboard;
			sourceTree = "<group>";
		};
		37502DA725C88AE800DE9D9A /* LaunchScreen.storyboard */ = {
			isa = PBXVariantGroup;
			children = (
				37502DA825C88AE800DE9D9A /* Base */,
			);
			name = LaunchScreen.storyboard;
			sourceTree = "<group>";
		};
/* End PBXVariantGroup section */

/* Begin XCBuildConfiguration section */
		37502DAB25C88AE800DE9D9A /* Debug */ = {
			isa = XCBuildConfiguration;
			buildSettings = {
				ALWAYS_SEARCH_USER_PATHS = NO;
				CLANG_ANALYZER_NONNULL = YES;
				CLANG_ANALYZER_NUMBER_OBJECT_CONVERSION = YES_AGGRESSIVE;
				CLANG_CXX_LANGUAGE_STANDARD = "gnu++14";
				CLANG_CXX_LIBRARY = "libc++";
				CLANG_ENABLE_MODULES = YES;
				CLANG_ENABLE_OBJC_ARC = YES;
				CLANG_ENABLE_OBJC_WEAK = YES;
				CLANG_WARN_BLOCK_CAPTURE_AUTORELEASING = YES;
				CLANG_WARN_BOOL_CONVERSION = YES;
				CLANG_WARN_COMMA = YES;
				CLANG_WARN_CONSTANT_CONVERSION = YES;
				CLANG_WARN_DEPRECATED_OBJC_IMPLEMENTATIONS = YES;
				CLANG_WARN_DIRECT_OBJC_ISA_USAGE = YES_ERROR;
				CLANG_WARN_DOCUMENTATION_COMMENTS = YES;
				CLANG_WARN_EMPTY_BODY = YES;
				CLANG_WARN_ENUM_CONVERSION = YES;
				CLANG_WARN_INFINITE_RECURSION = YES;
				CLANG_WARN_INT_CONVERSION = YES;
				CLANG_WARN_NON_LITERAL_NULL_CONVERSION = YES;
				CLANG_WARN_OBJC_IMPLICIT_RETAIN_SELF = YES;
				CLANG_WARN_OBJC_LITERAL_CONVERSION = YES;
				CLANG_WARN_OBJC_ROOT_CLASS = YES_ERROR;
				CLANG_WARN_QUOTED_INCLUDE_IN_FRAMEWORK_HEADER = YES;
				CLANG_WARN_RANGE_LOOP_ANALYSIS = YES;
				CLANG_WARN_STRICT_PROTOTYPES = YES;
				CLANG_WARN_SUSPICIOUS_MOVE = YES;
				CLANG_WARN_UNGUARDED_AVAILABILITY = YES_AGGRESSIVE;
				CLANG_WARN_UNREACHABLE_CODE = YES;
				CLANG_WARN__DUPLICATE_METHOD_MATCH = YES;
				COPY_PHASE_STRIP = NO;
				DEBUG_INFORMATION_FORMAT = dwarf;
				ENABLE_STRICT_OBJC_MSGSEND = YES;
				ENABLE_TESTABILITY = YES;
				GCC_C_LANGUAGE_STANDARD = gnu11;
				GCC_DYNAMIC_NO_PIC = NO;
				GCC_NO_COMMON_BLOCKS = YES;
				GCC_OPTIMIZATION_LEVEL = 0;
				GCC_PREPROCESSOR_DEFINITIONS = (
					"DEBUG=1",
					"$(inherited)",
				);
				GCC_WARN_64_TO_32_BIT_CONVERSION = YES;
				GCC_WARN_ABOUT_RETURN_TYPE = YES_ERROR;
				GCC_WARN_UNDECLARED_SELECTOR = YES;
				GCC_WARN_UNINITIALIZED_AUTOS = YES_AGGRESSIVE;
				GCC_WARN_UNUSED_FUNCTION = YES;
				GCC_WARN_UNUSED_VARIABLE = YES;
				IPHONEOS_DEPLOYMENT_TARGET = 14.4;
				MTL_ENABLE_DEBUG_INFO = INCLUDE_SOURCE;
				MTL_FAST_MATH = YES;
				ONLY_ACTIVE_ARCH = YES;
				SDKROOT = iphoneos;
				SWIFT_ACTIVE_COMPILATION_CONDITIONS = DEBUG;
				SWIFT_OPTIMIZATION_LEVEL = "-Onone";
			};
			name = Debug;
		};
		37502DAC25C88AE800DE9D9A /* Release */ = {
			isa = XCBuildConfiguration;
			buildSettings = {
				ALWAYS_SEARCH_USER_PATHS = NO;
				CLANG_ANALYZER_NONNULL = YES;
				CLANG_ANALYZER_NUMBER_OBJECT_CONVERSION = YES_AGGRESSIVE;
				CLANG_CXX_LANGUAGE_STANDARD = "gnu++14";
				CLANG_CXX_LIBRARY = "libc++";
				CLANG_ENABLE_MODULES = YES;
				CLANG_ENABLE_OBJC_ARC = YES;
				CLANG_ENABLE_OBJC_WEAK = YES;
				CLANG_WARN_BLOCK_CAPTURE_AUTORELEASING = YES;
				CLANG_WARN_BOOL_CONVERSION = YES;
				CLANG_WARN_COMMA = YES;
				CLANG_WARN_CONSTANT_CONVERSION = YES;
				CLANG_WARN_DEPRECATED_OBJC_IMPLEMENTATIONS = YES;
				CLANG_WARN_DIRECT_OBJC_ISA_USAGE = YES_ERROR;
				CLANG_WARN_DOCUMENTATION_COMMENTS = YES;
				CLANG_WARN_EMPTY_BODY = YES;
				CLANG_WARN_ENUM_CONVERSION = YES;
				CLANG_WARN_INFINITE_RECURSION = YES;
				CLANG_WARN_INT_CONVERSION = YES;
				CLANG_WARN_NON_LITERAL_NULL_CONVERSION = YES;
				CLANG_WARN_OBJC_IMPLICIT_RETAIN_SELF = YES;
				CLANG_WARN_OBJC_LITERAL_CONVERSION = YES;
				CLANG_WARN_OBJC_ROOT_CLASS = YES_ERROR;
				CLANG_WARN_QUOTED_INCLUDE_IN_FRAMEWORK_HEADER = YES;
				CLANG_WARN_RANGE_LOOP_ANALYSIS = YES;
				CLANG_WARN_STRICT_PROTOTYPES = YES;
				CLANG_WARN_SUSPICIOUS_MOVE = YES;
				CLANG_WARN_UNGUARDED_AVAILABILITY = YES_AGGRESSIVE;
				CLANG_WARN_UNREACHABLE_CODE = YES;
				CLANG_WARN__DUPLICATE_METHOD_MATCH = YES;
				COPY_PHASE_STRIP = NO;
				DEBUG_INFORMATION_FORMAT = "dwarf-with-dsym";
				ENABLE_NS_ASSERTIONS = NO;
				ENABLE_STRICT_OBJC_MSGSEND = YES;
				GCC_C_LANGUAGE_STANDARD = gnu11;
				GCC_NO_COMMON_BLOCKS = YES;
				GCC_WARN_64_TO_32_BIT_CONVERSION = YES;
				GCC_WARN_ABOUT_RETURN_TYPE = YES_ERROR;
				GCC_WARN_UNDECLARED_SELECTOR = YES;
				GCC_WARN_UNINITIALIZED_AUTOS = YES_AGGRESSIVE;
				GCC_WARN_UNUSED_FUNCTION = YES;
				GCC_WARN_UNUSED_VARIABLE = YES;
				IPHONEOS_DEPLOYMENT_TARGET = 14.4;
				MTL_ENABLE_DEBUG_INFO = NO;
				MTL_FAST_MATH = YES;
				SDKROOT = iphoneos;
				SWIFT_COMPILATION_MODE = wholemodule;
				SWIFT_OPTIMIZATION_LEVEL = "-O";
				VALIDATE_PRODUCT = YES;
			};
			name = Release;
		};
		37502DAE25C88AE800DE9D9A /* Debug */ = {
			isa = XCBuildConfiguration;
			baseConfigurationReference = D93747A81AEFE231D1335CB3 /* Pods-Home.debug.xcconfig */;
			buildSettings = {
				ASSETCATALOG_COMPILER_APPICON_NAME = AppIcon;
				ASSETCATALOG_COMPILER_GLOBAL_ACCENT_COLOR_NAME = AccentColor;
				CODE_SIGN_STYLE = Automatic;
				INFOPLIST_FILE = Home/Info.plist;
				LD_RUNPATH_SEARCH_PATHS = (
					"$(inherited)",
					"@executable_path/Frameworks",
				);
				PRODUCT_BUNDLE_IDENTIFIER = thongpak.Home;
				PRODUCT_NAME = "$(TARGET_NAME)";
				SWIFT_VERSION = 5.0;
				TARGETED_DEVICE_FAMILY = "1,2";
			};
			name = Debug;
		};
		37502DAF25C88AE800DE9D9A /* Release */ = {
			isa = XCBuildConfiguration;
			baseConfigurationReference = CC13EDD56F57DB0E9A501F9F /* Pods-Home.release.xcconfig */;
			buildSettings = {
				ASSETCATALOG_COMPILER_APPICON_NAME = AppIcon;
				ASSETCATALOG_COMPILER_GLOBAL_ACCENT_COLOR_NAME = AccentColor;
				CODE_SIGN_STYLE = Automatic;
				INFOPLIST_FILE = Home/Info.plist;
				LD_RUNPATH_SEARCH_PATHS = (
					"$(inherited)",
					"@executable_path/Frameworks",
				);
				PRODUCT_BUNDLE_IDENTIFIER = thongpak.Home;
				PRODUCT_NAME = "$(TARGET_NAME)";
				SWIFT_VERSION = 5.0;
				TARGETED_DEVICE_FAMILY = "1,2";
			};
			name = Release;
		};
/* End XCBuildConfiguration section */

/* Begin XCConfigurationList section */
		37502D9425C88AE600DE9D9A /* Build configuration list for PBXProject "Home" */ = {
			isa = XCConfigurationList;
			buildConfigurations = (
				37502DAB25C88AE800DE9D9A /* Debug */,
				37502DAC25C88AE800DE9D9A /* Release */,
			);
			defaultConfigurationIsVisible = 0;
			defaultConfigurationName = Release;
		};
		37502DAD25C88AE800DE9D9A /* Build configuration list for PBXNativeTarget "Home" */ = {
			isa = XCConfigurationList;
			buildConfigurations = (
				37502DAE25C88AE800DE9D9A /* Debug */,
				37502DAF25C88AE800DE9D9A /* Release */,
			);
			defaultConfigurationIsVisible = 0;
			defaultConfigurationName = Release;
		};
/* End XCConfigurationList section */
	};
	rootObject = 37502D9125C88AE600DE9D9A /* Project object */;
}
